# This file is automatically @generated by Cargo.
# It is not intended for manual editing.
version = 4

[[package]]
name = "day12"
version = "0.1.0"
dependencies = [
 "disjoint",
]

[[package]]
name = "disjoint"
version = "0.8.0"
source = "registry+https://github.com/rust-lang/crates.io-index"
checksum = "c37b399c91d093763e38c7a57a740e0005e30e5aff7132e791aada5eef3fed99"
